
Microsoft Visual Studio Solution File, Format Version 12.00
# Visual Studio Version 17
VisualStudioVersion = 17.12.35527.113 d17.12
MinimumVisualStudioVersion = 10.0.40219.1
Project("{FAE04EC0-301F-11D3-BF4B-00C04F79EFBC}") = "Apps.MicrosoftOneDrive", "Apps.MicrosoftOneDrive\Apps.MicrosoftOneDrive.csproj", "{705FDE5C-B546-4FC6-BD97-FBB5E65F197A}"
EndProject
Project("{FAE04EC0-301F-11D3-BF4B-00C04F79EFBC}") = "Tests.MicrosoftOneDrive", "Tests.MicrosoftOneDrive\Tests.MicrosoftOneDrive.csproj", "{3C5E6F36-B446-46E0-9AD4-EDA7759E47CB}"
EndProject
Global
	GlobalSection(SolutionConfigurationPlatforms) = preSolution
		Debug|Any CPU = Debug|Any CPU
		Release|Any CPU = Release|Any CPU
	EndGlobalSection
	GlobalSection(ProjectConfigurationPlatforms) = postSolution
		{705FDE5C-B546-4FC6-BD97-FBB5E65F197A}.Debug|Any CPU.ActiveCfg = Debug|Any CPU
		{705FDE5C-B546-4FC6-BD97-FBB5E65F197A}.Debug|Any CPU.Build.0 = Debug|Any CPU
		{705FDE5C-B546-4FC6-BD97-FBB5E65F197A}.Release|Any CPU.ActiveCfg = Release|Any CPU
		{705FDE5C-B546-4FC6-BD97-FBB5E65F197A}.Release|Any CPU.Build.0 = Release|Any CPU
		{3C5E6F36-B446-46E0-9AD4-EDA7759E47CB}.Debug|Any CPU.ActiveCfg = Debug|Any CPU
		{3C5E6F36-B446-46E0-9AD4-EDA7759E47CB}.Debug|Any CPU.Build.0 = Debug|Any CPU
		{3C5E6F36-B446-46E0-9AD4-EDA7759E47CB}.Release|Any CPU.ActiveCfg = Release|Any CPU
		{3C5E6F36-B446-46E0-9AD4-EDA7759E47CB}.Release|Any CPU.Build.0 = Release|Any CPU
	EndGlobalSection
	GlobalSection(SolutionProperties) = preSolution
		HideSolutionNode = FALSE
	EndGlobalSection
EndGlobal
